// !$*UTF8*$!
{
	archiveVersion = 1;
	classes = {
	};
	objectVersion = 46;
	objects = {

/* Begin PBXBuildFile section */
		78FE0EF81E548E4400A07B60 /* AppDelegate.swift in Sources */ = {isa = PBXBuildFile; fileRef = 78FE0EF71E548E4400A07B60 /* AppDelegate.swift */; };
		78FE0EFF1E548E4400A07B60 /* Assets.xcassets in Resources */ = {isa = PBXBuildFile; fileRef = 78FE0EFE1E548E4400A07B60 /* Assets.xcassets */; };
		78FE0F021E548E4400A07B60 /* LaunchScreen.storyboard in Resources */ = {isa = PBXBuildFile; fileRef = 78FE0F001E548E4400A07B60 /* LaunchScreen.storyboard */; };
		78FE0F0B1E5494DF00A07B60 /* Cordux.framework in Frameworks */ = {isa = PBXBuildFile; fileRef = 78FE0F0A1E5494DF00A07B60 /* Cordux.framework */; };
		78FE0F0F1E56329300A07B60 /* AppState.swift in Sources */ = {isa = PBXBuildFile; fileRef = 78FE0F0E1E56329300A07B60 /* AppState.swift */; };
		78FE0F141E56394F00A07B60 /* Main.storyboard in Resources */ = {isa = PBXBuildFile; fileRef = 78FE0F121E56394F00A07B60 /* Main.storyboard */; };
		78FE0F161E56396F00A07B60 /* MainViewController.swift in Sources */ = {isa = PBXBuildFile; fileRef = 78FE0F151E56396F00A07B60 /* MainViewController.swift */; };
		78FE0F181E5639CF00A07B60 /* AppCoordinator.swift in Sources */ = {isa = PBXBuildFile; fileRef = 78FE0F171E5639CF00A07B60 /* AppCoordinator.swift */; };
		78FE0F1B1E5734B600A07B60 /* WodsCoordinator.swift in Sources */ = {isa = PBXBuildFile; fileRef = 78FE0F1A1E5734B600A07B60 /* WodsCoordinator.swift */; };
		78FE0F1D1E573BF500A07B60 /* Wods.storyboard in Resources */ = {isa = PBXBuildFile; fileRef = 78FE0F1C1E573BF500A07B60 /* Wods.storyboard */; };
		78FE0F1F1E573C6800A07B60 /* WodsViewController.swift in Sources */ = {isa = PBXBuildFile; fileRef = 78FE0F1E1E573C6800A07B60 /* WodsViewController.swift */; };
		78FE0F441E5DF3D700A07B60 /* AppState+TestExtensions.swift in Sources */ = {isa = PBXBuildFile; fileRef = 78FE0F431E5DF3D700A07B60 /* AppState+TestExtensions.swift */; };
/* End PBXBuildFile section */

/* Begin PBXFileReference section */
		78FE0EF41E548E4400A07B60 /* WODCordux.app */ = {isa = PBXFileReference; explicitFileType = wrapper.application; includeInIndex = 0; path = WODCordux.app; sourceTree = BUILT_PRODUCTS_DIR; };
		78FE0EF71E548E4400A07B60 /* AppDelegate.swift */ = {isa = PBXFileReference; lastKnownFileType = sourcecode.swift; path = AppDelegate.swift; sourceTree = "<group>"; };
		78FE0EFE1E548E4400A07B60 /* Assets.xcassets */ = {isa = PBXFileReference; lastKnownFileType = folder.assetcatalog; path = Assets.xcassets; sourceTree = "<group>"; };
		78FE0F011E548E4400A07B60 /* Base */ = {isa = PBXFileReference; lastKnownFileType = file.storyboard; name = Base; path = Base.lproj/LaunchScreen.storyboard; sourceTree = "<group>"; };
		78FE0F031E548E4400A07B60 /* Info.plist */ = {isa = PBXFileReference; lastKnownFileType = text.plist.xml; path = Info.plist; sourceTree = "<group>"; };
		78FE0F0A1E5494DF00A07B60 /* Cordux.framework */ = {isa = PBXFileReference; lastKnownFileType = wrapper.framework; name = Cordux.framework; path = Carthage/Build/iOS/Cordux.framework; sourceTree = "<group>"; };
		78FE0F0E1E56329300A07B60 /* AppState.swift */ = {isa = PBXFileReference; fileEncoding = 4; lastKnownFileType = sourcecode.swift; path = AppState.swift; sourceTree = "<group>"; };
		78FE0F131E56394F00A07B60 /* Base */ = {isa = PBXFileReference; lastKnownFileType = file.storyboard; name = Base; path = Base.lproj/Main.storyboard; sourceTree = "<group>"; };
		78FE0F151E56396F00A07B60 /* MainViewController.swift */ = {isa = PBXFileReference; fileEncoding = 4; lastKnownFileType = sourcecode.swift; name = MainViewController.swift; path = Scenes/App/MainViewController.swift; sourceTree = "<group>"; };
		78FE0F171E5639CF00A07B60 /* AppCoordinator.swift */ = {isa = PBXFileReference; fileEncoding = 4; lastKnownFileType = sourcecode.swift; name = AppCoordinator.swift; path = Scenes/App/AppCoordinator.swift; sourceTree = "<group>"; };
		78FE0F1A1E5734B600A07B60 /* WodsCoordinator.swift */ = {isa = PBXFileReference; fileEncoding = 4; lastKnownFileType = sourcecode.swift; name = WodsCoordinator.swift; path = Scenes/Wods/WodsCoordinator.swift; sourceTree = "<group>"; };
		78FE0F1C1E573BF500A07B60 /* Wods.storyboard */ = {isa = PBXFileReference; fileEncoding = 4; lastKnownFileType = file.storyboard; name = Wods.storyboard; path = Scenes/Wods/Wods.storyboard; sourceTree = "<group>"; };
		78FE0F1E1E573C6800A07B60 /* WodsViewController.swift */ = {isa = PBXFileReference; fileEncoding = 4; lastKnownFileType = sourcecode.swift; name = WodsViewController.swift; path = Scenes/Wods/WodsViewController.swift; sourceTree = "<group>"; };
		78FE0F431E5DF3D700A07B60 /* AppState+TestExtensions.swift */ = {isa = PBXFileReference; fileEncoding = 4; lastKnownFileType = sourcecode.swift; name = "AppState+TestExtensions.swift"; path = "Test/AppState+TestExtensions.swift"; sourceTree = "<group>"; };
/* End PBXFileReference section */

/* Begin PBXFrameworksBuildPhase section */
		78FE0EF11E548E4400A07B60 /* Frameworks */ = {
			isa = PBXFrameworksBuildPhase;
			buildActionMask = 2147483647;
			files = (
				78FE0F0B1E5494DF00A07B60 /* Cordux.framework in Frameworks */,
			);
			runOnlyForDeploymentPostprocessing = 0;
		};
/* End PBXFrameworksBuildPhase section */

/* Begin PBXGroup section */
		78FE0EEB1E548E4400A07B60 = {
			isa = PBXGroup;
			children = (
				78FE0EF61E548E4400A07B60 /* WODCordux */,
				78FE0EF51E548E4400A07B60 /* Products */,
				78FE0F091E5494DF00A07B60 /* Frameworks */,
			);
			sourceTree = "<group>";
		};
		78FE0EF51E548E4400A07B60 /* Products */ = {
			isa = PBXGroup;
			children = (
				78FE0EF41E548E4400A07B60 /* WODCordux.app */,
			);
			name = Products;
			sourceTree = "<group>";
		};
		78FE0EF61E548E4400A07B60 /* WODCordux */ = {
			isa = PBXGroup;
			children = (
				78FE0F421E5DF38200A07B60 /* Test */,
				78FE0EF71E548E4400A07B60 /* AppDelegate.swift */,
				78FE0F0E1E56329300A07B60 /* AppState.swift */,
				78FE0F101E56384600A07B60 /* Scenes */,
				78FE0EFE1E548E4400A07B60 /* Assets.xcassets */,
				78FE0F001E548E4400A07B60 /* LaunchScreen.storyboard */,
				78FE0F031E548E4400A07B60 /* Info.plist */,
			);
			path = WODCordux;
			sourceTree = "<group>";
		};
		78FE0F091E5494DF00A07B60 /* Frameworks */ = {
			isa = PBXGroup;
			children = (
				78FE0F0A1E5494DF00A07B60 /* Cordux.framework */,
			);
			name = Frameworks;
			sourceTree = "<group>";
		};
		78FE0F101E56384600A07B60 /* Scenes */ = {
			isa = PBXGroup;
			children = (
				78FE0F111E56384D00A07B60 /* App */,
				78FE0F191E57349100A07B60 /* Wods */,
			);
			name = Scenes;
			sourceTree = "<group>";
		};
		78FE0F111E56384D00A07B60 /* App */ = {
			isa = PBXGroup;
			children = (
				78FE0F121E56394F00A07B60 /* Main.storyboard */,
				78FE0F151E56396F00A07B60 /* MainViewController.swift */,
				78FE0F171E5639CF00A07B60 /* AppCoordinator.swift */,
			);
			name = App;
			sourceTree = "<group>";
		};
		78FE0F191E57349100A07B60 /* Wods */ = {
			isa = PBXGroup;
			children = (
				78FE0F1A1E5734B600A07B60 /* WodsCoordinator.swift */,
				78FE0F1C1E573BF500A07B60 /* Wods.storyboard */,
				78FE0F1E1E573C6800A07B60 /* WodsViewController.swift */,
			);
			name = Wods;
			sourceTree = "<group>";
		};
		78FE0F421E5DF38200A07B60 /* Test */ = {
			isa = PBXGroup;
			children = (
				78FE0F431E5DF3D700A07B60 /* AppState+TestExtensions.swift */,
			);
			name = Test;
			sourceTree = "<group>";
		};
/* End PBXGroup section */

/* Begin PBXNativeTarget section */
		78FE0EF31E548E4400A07B60 /* WODCordux */ = {
			isa = PBXNativeTarget;
			buildConfigurationList = 78FE0F061E548E4400A07B60 /* Build configuration list for PBXNativeTarget "WODCordux" */;
			buildPhases = (
				78FE0EF01E548E4400A07B60 /* Sources */,
				78FE0EF11E548E4400A07B60 /* Frameworks */,
				78FE0EF21E548E4400A07B60 /* Resources */,
				78FE0F0D1E54951600A07B60 /* ShellScript */,
			);
			buildRules = (
			);
			dependencies = (
			);
			name = WODCordux;
			productName = WODCordux;
			productReference = 78FE0EF41E548E4400A07B60 /* WODCordux.app */;
			productType = "com.apple.product-type.application";
		};
/* End PBXNativeTarget section */

/* Begin PBXProject section */
		78FE0EEC1E548E4400A07B60 /* Project object */ = {
			isa = PBXProject;
			attributes = {
				LastSwiftUpdateCheck = 0820;
				LastUpgradeCheck = 0820;
				ORGANIZATIONNAME = "Will Ellis Inc";
				TargetAttributes = {
					78FE0EF31E548E4400A07B60 = {
						CreatedOnToolsVersion = 8.2.1;
						DevelopmentTeam = 7385526RHE;
						ProvisioningStyle = Automatic;
					};
				};
			};
			buildConfigurationList = 78FE0EEF1E548E4400A07B60 /* Build configuration list for PBXProject "WODCordux" */;
			compatibilityVersion = "Xcode 3.2";
			developmentRegion = English;
			hasScannedForEncodings = 0;
			knownRegions = (
				en,
				Base,
			);
			mainGroup = 78FE0EEB1E548E4400A07B60;
			productRefGroup = 78FE0EF51E548E4400A07B60 /* Products */;
			projectDirPath = "";
			projectRoot = "";
			targets = (
				78FE0EF31E548E4400A07B60 /* WODCordux */,
			);
		};
/* End PBXProject section */

/* Begin PBXResourcesBuildPhase section */
		78FE0EF21E548E4400A07B60 /* Resources */ = {
			isa = PBXResourcesBuildPhase;
			buildActionMask = 2147483647;
			files = (
				78FE0F141E56394F00A07B60 /* Main.storyboard in Resources */,
				78FE0F021E548E4400A07B60 /* LaunchScreen.storyboard in Resources */,
				78FE0EFF1E548E4400A07B60 /* Assets.xcassets in Resources */,
				78FE0F1D1E573BF500A07B60 /* Wods.storyboard in Resources */,
			);
			runOnlyForDeploymentPostprocessing = 0;
		};
/* End PBXResourcesBuildPhase section */

/* Begin PBXShellScriptBuildPhase section */
		78FE0F0D1E54951600A07B60 /* ShellScript */ = {
			isa = PBXShellScriptBuildPhase;
			buildActionMask = 2147483647;
			files = (
			);
			inputPaths = (
				"$(SRCROOT)/Carthage/Build/iOS/Cordux.framework",
			);
			outputPaths = (
			);
			runOnlyForDeploymentPostprocessing = 0;
			shellPath = /bin/sh;
			shellScript = "/usr/local/bin/carthage copy-frameworks";
		};
/* End PBXShellScriptBuildPhase section */

/* Begin PBXSourcesBuildPhase section */
		78FE0EF01E548E4400A07B60 /* Sources */ = {
			isa = PBXSourcesBuildPhase;
			buildActionMask = 2147483647;
			files = (
				78FE0F441E5DF3D700A07B60 /* AppState+TestExtensions.swift in Sources */,
				78FE0F181E5639CF00A07B60 /* AppCoordinator.swift in Sources */,
				78FE0F161E56396F00A07B60 /* MainViewController.swift in Sources */,
				78FE0F0F1E56329300A07B60 /* AppState.swift in Sources */,
				78FE0F1B1E5734B600A07B60 /* WodsCoordinator.swift in Sources */,
				78FE0EF81E548E4400A07B60 /* AppDelegate.swift in Sources */,
				78FE0F1F1E573C6800A07B60 /* WodsViewController.swift in Sources */,
			);
			runOnlyForDeploymentPostprocessing = 0;
		};
/* End PBXSourcesBuildPhase section */

/* Begin PBXVariantGroup section */
		78FE0F001E548E4400A07B60 /* LaunchScreen.storyboard */ = {
			isa = PBXVariantGroup;
			children = (
				78FE0F011E548E4400A07B60 /* Base */,
			);
			name = LaunchScreen.storyboard;
			sourceTree = "<group>";
		};
		78FE0F121E56394F00A07B60 /* Main.storyboard */ = {
			isa = PBXVariantGroup;
			children = (
				78FE0F131E56394F00A07B60 /* Base */,
			);
			name = Main.storyboard;
			sourceTree = "<group>";
		};
/* End PBXVariantGroup section */

/* Begin XCBuildConfiguration section */
		78FE0F041E548E4400A07B60 /* Debug */ = {
			isa = XCBuildConfiguration;
			buildSettings = {
				ALWAYS_SEARCH_USER_PATHS = NO;
				CLANG_ANALYZER_NONNULL = YES;
				CLANG_CXX_LANGUAGE_STANDARD = "gnu++0x";
				CLANG_CXX_LIBRARY = "libc++";
				CLANG_ENABLE_MODULES = YES;
				CLANG_ENABLE_OBJC_ARC = YES;
				CLANG_WARN_BOOL_CONVERSION = YES;
				CLANG_WARN_CONSTANT_CONVERSION = YES;
				CLANG_WARN_DIRECT_OBJC_ISA_USAGE = YES_ERROR;
				CLANG_WARN_DOCUMENTATION_COMMENTS = YES;
				CLANG_WARN_EMPTY_BODY = YES;
				CLANG_WARN_ENUM_CONVERSION = YES;
				CLANG_WARN_INFINITE_RECURSION = YES;
				CLANG_WARN_INT_CONVERSION = YES;
				CLANG_WARN_OBJC_ROOT_CLASS = YES_ERROR;
				CLANG_WARN_SUSPICIOUS_MOVE = YES;
				CLANG_WARN_UNREACHABLE_CODE = YES;
				CLANG_WARN__DUPLICATE_METHOD_MATCH = YES;
				"CODE_SIGN_IDENTITY[sdk=iphoneos*]" = "iPhone Developer";
				COPY_PHASE_STRIP = NO;
				DEBUG_INFORMATION_FORMAT = dwarf;
				ENABLE_STRICT_OBJC_MSGSEND = YES;
				ENABLE_TESTABILITY = YES;
				GCC_C_LANGUAGE_STANDARD = gnu99;
				GCC_DYNAMIC_NO_PIC = NO;
				GCC_NO_COMMON_BLOCKS = YES;
				GCC_OPTIMIZATION_LEVEL = 0;
				GCC_PREPROCESSOR_DEFINITIONS = (
					"DEBUG=1",
					"$(inherited)",
				);
				GCC_WARN_64_TO_32_BIT_CONVERSION = YES;
				GCC_WARN_ABOUT_RETURN_TYPE = YES_ERROR;
				GCC_WARN_UNDECLARED_SELECTOR = YES;
				GCC_WARN_UNINITIALIZED_AUTOS = YES_AGGRESSIVE;
				GCC_WARN_UNUSED_FUNCTION = YES;
				GCC_WARN_UNUSED_VARIABLE = YES;
				IPHONEOS_DEPLOYMENT_TARGET = 10.2;
				MTL_ENABLE_DEBUG_INFO = YES;
				ONLY_ACTIVE_ARCH = YES;
				SDKROOT = iphoneos;
				SWIFT_ACTIVE_COMPILATION_CONDITIONS = DEBUG;
				SWIFT_OPTIMIZATION_LEVEL = "-Onone";
				TARGETED_DEVICE_FAMILY = "1,2";
			};
			name = Debug;
		};
		78FE0F051E548E4400A07B60 /* Release */ = {
			isa = XCBuildConfiguration;
			buildSettings = {
				ALWAYS_SEARCH_USER_PATHS = NO;
				CLANG_ANALYZER_NONNULL = YES;
				CLANG_CXX_LANGUAGE_STANDARD = "gnu++0x";
				CLANG_CXX_LIBRARY = "libc++";
				CLANG_ENABLE_MODULES = YES;
				CLANG_ENABLE_OBJC_ARC = YES;
				CLANG_WARN_BOOL_CONVERSION = YES;
				CLANG_WARN_CONSTANT_CONVERSION = YES;
				CLANG_WARN_DIRECT_OBJC_ISA_USAGE = YES_ERROR;
				CLANG_WARN_DOCUMENTATION_COMMENTS = YES;
				CLANG_WARN_EMPTY_BODY = YES;
				CLANG_WARN_ENUM_CONVERSION = YES;
				CLANG_WARN_INFINITE_RECURSION = YES;
				CLANG_WARN_INT_CONVERSION = YES;
				CLANG_WARN_OBJC_ROOT_CLASS = YES_ERROR;
				CLANG_WARN_SUSPICIOUS_MOVE = YES;
				CLANG_WARN_UNREACHABLE_CODE = YES;
				CLANG_WARN__DUPLICATE_METHOD_MATCH = YES;
				"CODE_SIGN_IDENTITY[sdk=iphoneos*]" = "iPhone Developer";
				COPY_PHASE_STRIP = NO;
				DEBUG_INFORMATION_FORMAT = "dwarf-with-dsym";
				ENABLE_NS_ASSERTIONS = NO;
				ENABLE_STRICT_OBJC_MSGSEND = YES;
				GCC_C_LANGUAGE_STANDARD = gnu99;
				GCC_NO_COMMON_BLOCKS = YES;
				GCC_WARN_64_TO_32_BIT_CONVERSION = YES;
				GCC_WARN_ABOUT_RETURN_TYPE = YES_ERROR;
				GCC_WARN_UNDECLARED_SELECTOR = YES;
				GCC_WARN_UNINITIALIZED_AUTOS = YES_AGGRESSIVE;
				GCC_WARN_UNUSED_FUNCTION = YES;
				GCC_WARN_UNUSED_VARIABLE = YES;
				IPHONEOS_DEPLOYMENT_TARGET = 10.2;
				MTL_ENABLE_DEBUG_INFO = NO;
				SDKROOT = iphoneos;
				SWIFT_OPTIMIZATION_LEVEL = "-Owholemodule";
				TARGETED_DEVICE_FAMILY = "1,2";
				VALIDATE_PRODUCT = YES;
			};
			name = Release;
		};
		78FE0F071E548E4400A07B60 /* Debug */ = {
			isa = XCBuildConfiguration;
			buildSettings = {
				ASSETCATALOG_COMPILER_APPICON_NAME = AppIcon;
				DEVELOPMENT_TEAM = 7385526RHE;
				FRAMEWORK_SEARCH_PATHS = (
					"$(inherited)",
					"$(PROJECT_DIR)/Carthage/Build/iOS",
				);
				INFOPLIST_FILE = WODCordux/Info.plist;
				LD_RUNPATH_SEARCH_PATHS = "$(inherited) @executable_path/Frameworks";
				PRODUCT_BUNDLE_IDENTIFIER = com.willellisinc.WODCordux;
				PRODUCT_NAME = "$(TARGET_NAME)";
				SWIFT_VERSION = 3.0;
			};
			name = Debug;
		};
		78FE0F081E548E4400A07B60 /* Release */ = {
			isa = XCBuildConfiguration;
			buildSettings = {
				ASSETCATALOG_COMPILER_APPICON_NAME = AppIcon;
				DEVELOPMENT_TEAM = 7385526RHE;
				FRAMEWORK_SEARCH_PATHS = (
					"$(inherited)",
					"$(PROJECT_DIR)/Carthage/Build/iOS",
				);
				INFOPLIST_FILE = WODCordux/Info.plist;
				LD_RUNPATH_SEARCH_PATHS = "$(inherited) @executable_path/Frameworks";
				PRODUCT_BUNDLE_IDENTIFIER = com.willellisinc.WODCordux;
				PRODUCT_NAME = "$(TARGET_NAME)";
				SWIFT_VERSION = 3.0;
			};
			name = Release;
		};
/* End XCBuildConfiguration section */

/* Begin XCConfigurationList section */
		78FE0EEF1E548E4400A07B60 /* Build configuration list for PBXProject "WODCordux" */ = {
			isa = XCConfigurationList;
			buildConfigurations = (
				78FE0F041E548E4400A07B60 /* Debug */,
				78FE0F051E548E4400A07B60 /* Release */,
			);
			defaultConfigurationIsVisible = 0;
			defaultConfigurationName = Release;
		};
		78FE0F061E548E4400A07B60 /* Build configuration list for PBXNativeTarget "WODCordux" */ = {
			isa = XCConfigurationList;
			buildConfigurations = (
				78FE0F071E548E4400A07B60 /* Debug */,
				78FE0F081E548E4400A07B60 /* Release */,
			);
			defaultConfigurationIsVisible = 0;
			defaultConfigurationName = Release;
		};
/* End XCConfigurationList section */
	};
	rootObject = 78FE0EEC1E548E4400A07B60 /* Project object */;
}
